
Microsoft Visual Studio Solution File, Format Version 12.00
# Visual Studio Version 16
VisualStudioVersion = 16.0.29911.84
MinimumVisualStudioVersion = 10.0.40219.1
Project("{FAE04EC0-301F-11D3-BF4B-00C04F79EFBC}") = "Ronaldo.GestaoDeClientes.Api", "Ronaldo.GestaoDeClientes\Ronaldo.GestaoDeClientes.Api.csproj", "{FF665811-719F-4CEB-9DB4-2A706F9564F7}"
EndProject
Project("{FAE04EC0-301F-11D3-BF4B-00C04F79EFBC}") = "Ronaldo.GestaoDeClientes.Core", "Ronaldo.GestaoDeClientes.Core\Ronaldo.GestaoDeClientes.Core.csproj", "{BFB1545B-11AC-4F97-B9F8-73C9E67A1CBB}"
EndProject
Project("{FAE04EC0-301F-11D3-BF4B-00C04F79EFBC}") = "Ronaldo.GestaoDeClientes.Cross-Cutting", "Ronaldo.GestaoDeClientes.Cross-Cutting\Ronaldo.GestaoDeClientes.Cross-Cutting.csproj", "{E7448C08-5A1B-4839-B159-FEF6274C0184}"
EndProject
Project("{FAE04EC0-301F-11D3-BF4B-00C04F79EFBC}") = "Ronaldo.GestaoDeClientes.Infrastructure", "Ronaldo.GestaoDeClientes.Infrastructure\Ronaldo.GestaoDeClientes.Infrastructure.csproj", "{A367F41D-2A0E-4E5C-9475-E0B545E4779F}"
EndProject
Global
	GlobalSection(SolutionConfigurationPlatforms) = preSolution
		Debug|Any CPU = Debug|Any CPU
		Release|Any CPU = Release|Any CPU
	EndGlobalSection
	GlobalSection(ProjectConfigurationPlatforms) = postSolution
		{FF665811-719F-4CEB-9DB4-2A706F9564F7}.Debug|Any CPU.ActiveCfg = Debug|Any CPU
		{FF665811-719F-4CEB-9DB4-2A706F9564F7}.Debug|Any CPU.Build.0 = Debug|Any CPU
		{FF665811-719F-4CEB-9DB4-2A706F9564F7}.Release|Any CPU.ActiveCfg = Release|Any CPU
		{FF665811-719F-4CEB-9DB4-2A706F9564F7}.Release|Any CPU.Build.0 = Release|Any CPU
		{BFB1545B-11AC-4F97-B9F8-73C9E67A1CBB}.Debug|Any CPU.ActiveCfg = Debug|Any CPU
		{BFB1545B-11AC-4F97-B9F8-73C9E67A1CBB}.Debug|Any CPU.Build.0 = Debug|Any CPU
		{BFB1545B-11AC-4F97-B9F8-73C9E67A1CBB}.Release|Any CPU.ActiveCfg = Release|Any CPU
		{BFB1545B-11AC-4F97-B9F8-73C9E67A1CBB}.Release|Any CPU.Build.0 = Release|Any CPU
		{E7448C08-5A1B-4839-B159-FEF6274C0184}.Debug|Any CPU.ActiveCfg = Debug|Any CPU
		{E7448C08-5A1B-4839-B159-FEF6274C0184}.Debug|Any CPU.Build.0 = Debug|Any CPU
		{E7448C08-5A1B-4839-B159-FEF6274C0184}.Release|Any CPU.ActiveCfg = Release|Any CPU
		{E7448C08-5A1B-4839-B159-FEF6274C0184}.Release|Any CPU.Build.0 = Release|Any CPU
		{A367F41D-2A0E-4E5C-9475-E0B545E4779F}.Debug|Any CPU.ActiveCfg = Debug|Any CPU
		{A367F41D-2A0E-4E5C-9475-E0B545E4779F}.Debug|Any CPU.Build.0 = Debug|Any CPU
		{A367F41D-2A0E-4E5C-9475-E0B545E4779F}.Release|Any CPU.ActiveCfg = Release|Any CPU
		{A367F41D-2A0E-4E5C-9475-E0B545E4779F}.Release|Any CPU.Build.0 = Release|Any CPU
	EndGlobalSection
	GlobalSection(SolutionProperties) = preSolution
		HideSolutionNode = FALSE
	EndGlobalSection
	GlobalSection(ExtensibilityGlobals) = postSolution
		SolutionGuid = {872BB595-8E51-471A-9F02-728876F241B0}
	EndGlobalSection
EndGlobal
